
Microsoft Visual Studio Solution File, Format Version 12.00
# Visual Studio Version 16
VisualStudioVersion = 16.0.31613.86
MinimumVisualStudioVersion = 10.0.40219.1
Project("{9A19103F-16F7-4668-BE54-9A1E7A4F7556}") = "AsimAsses", "AsimAsses\AsimAsses.csproj", "{5CAB658D-5B9F-4F38-9AC8-0D6FB1DEED11}"
EndProject
Project("{9A19103F-16F7-4668-BE54-9A1E7A4F7556}") = "AsimAsses.Tests", "AsimAsses.Tests\AsimAsses.Tests.csproj", "{3A349AF0-6549-4729-B094-F0881E9F2259}"
EndProject
Global
	GlobalSection(SolutionConfigurationPlatforms) = preSolution
		Debug|Any CPU = Debug|Any CPU
		Release|Any CPU = Release|Any CPU
	EndGlobalSection
	GlobalSection(ProjectConfigurationPlatforms) = postSolution
		{5CAB658D-5B9F-4F38-9AC8-0D6FB1DEED11}.Debug|Any CPU.ActiveCfg = Debug|Any CPU
		{5CAB658D-5B9F-4F38-9AC8-0D6FB1DEED11}.Debug|Any CPU.Build.0 = Debug|Any CPU
		{5CAB658D-5B9F-4F38-9AC8-0D6FB1DEED11}.Release|Any CPU.ActiveCfg = Release|Any CPU
		{5CAB658D-5B9F-4F38-9AC8-0D6FB1DEED11}.Release|Any CPU.Build.0 = Release|Any CPU
		{3A349AF0-6549-4729-B094-F0881E9F2259}.Debug|Any CPU.ActiveCfg = Debug|Any CPU
		{3A349AF0-6549-4729-B094-F0881E9F2259}.Debug|Any CPU.Build.0 = Debug|Any CPU
		{3A349AF0-6549-4729-B094-F0881E9F2259}.Release|Any CPU.ActiveCfg = Release|Any CPU
		{3A349AF0-6549-4729-B094-F0881E9F2259}.Release|Any CPU.Build.0 = Release|Any CPU
	EndGlobalSection
	GlobalSection(SolutionProperties) = preSolution
		HideSolutionNode = FALSE
	EndGlobalSection
	GlobalSection(ExtensibilityGlobals) = postSolution
		SolutionGuid = {291BBDC8-100B-45B8-9B8D-E8AE7FCBD88D}
	EndGlobalSection
EndGlobal
